
Microsoft Visual Studio Solution File, Format Version 12.00
# Visual Studio Version 17
VisualStudioVersion = 17.8.34511.84
MinimumVisualStudioVersion = 10.0.40219.1
Project("{2150E333-8FDC-42A3-9474-1A3956D46DE8}") = "Services", "Services", "{8BD430A3-04A0-4ADA-A3DE-0C815AE32CB9}"
EndProject
Project("{2150E333-8FDC-42A3-9474-1A3956D46DE8}") = "Catalog", "Catalog", "{2A1D66F5-7034-4E76-9D7F-6B55551A4033}"
EndProject
Project("{9A19103F-16F7-4668-BE54-9A1E7A4F7556}") = "MultiShop.Catalog", "Services\Catalog\MultiShop.Catalog\MultiShop.Catalog.csproj", "{E0D33698-1A9D-46C8-B855-8845DF8F3F0B}"
EndProject
Project("{2150E333-8FDC-42A3-9474-1A3956D46DE8}") = "Discount", "Discount", "{1D923A4E-024B-444D-A3A8-4C60F89D5E8A}"
EndProject
Project("{9A19103F-16F7-4668-BE54-9A1E7A4F7556}") = "MultiShop.Discount", "Services\Discount\MultiShop.Discount\MultiShop.Discount.csproj", "{98D618E9-5070-4EA7-83AE-DF7B2B1CD67F}"
EndProject
Project("{2150E333-8FDC-42A3-9474-1A3956D46DE8}") = "Order", "Order", "{720FB16F-DE28-46C6-925A-290AC72B0A1B}"
EndProject
Project("{2150E333-8FDC-42A3-9474-1A3956D46DE8}") = "Core", "Core", "{18FC1ADC-C4B9-4CE3-B3B2-3634D72C7BDC}"
EndProject
Project("{2150E333-8FDC-42A3-9474-1A3956D46DE8}") = "Infrastructure", "Infrastructure", "{65C015D6-42A2-4D53-B9CB-799EA14D70D9}"
EndProject
Project("{2150E333-8FDC-42A3-9474-1A3956D46DE8}") = "Presentation", "Presentation", "{850AF558-767E-4294-AA92-3FFDF56EEFC9}"
EndProject
Project("{9A19103F-16F7-4668-BE54-9A1E7A4F7556}") = "MultiShop.Order.Domain", "Services\Order\Core\MultiShop.Order.Domain\MultiShop.Order.Domain.csproj", "{D57A92F6-FD25-4B35-BCA2-87DB9B69E17A}"
EndProject
Project("{9A19103F-16F7-4668-BE54-9A1E7A4F7556}") = "MultiShop.Order.Application", "Services\Order\Core\MultiShop.Order.Application\MultiShop.Order.Application.csproj", "{39DC1BE7-5092-43B6-A3E8-2A9A1CBD7C65}"
EndProject
Project("{9A19103F-16F7-4668-BE54-9A1E7A4F7556}") = "MultiShop.Order.Persistence", "Services\Order\Infrastructure\MultiShop.Order.Persistence\MultiShop.Order.Persistence.csproj", "{BCBF754F-10CB-4884-AB4B-D61D31EEF5E9}"
EndProject
Project("{9A19103F-16F7-4668-BE54-9A1E7A4F7556}") = "MultiShop.Order.WebApi", "Services\Order\Presentation\MultiShop.Order.WebApi\MultiShop.Order.WebApi.csproj", "{08655F94-3075-4E51-A782-061F1AA32C37}"
EndProject
Project("{2150E333-8FDC-42A3-9474-1A3956D46DE8}") = "IdentityServer", "IdentityServer", "{575E256D-4BA0-4D33-8198-883A41FE2FFB}"
EndProject
Project("{9A19103F-16F7-4668-BE54-9A1E7A4F7556}") = "MultiShop.IdentityServer", "IdentityServer\MultiShop.IdentityServer\MultiShop.IdentityServer.csproj", "{219998B1-7CCD-4721-BB1D-AA1C7A8E0773}"
EndProject
Project("{2150E333-8FDC-42A3-9474-1A3956D46DE8}") = "Cargo", "Cargo", "{B4902937-5019-465E-95BA-02276EDBA525}"
EndProject
Project("{9A19103F-16F7-4668-BE54-9A1E7A4F7556}") = "MultiShop.Cargo.EntityLayer", "Services\Cargo\MultiShop.Cargo.EntityLayer\MultiShop.Cargo.EntityLayer.csproj", "{4C6BBA38-F650-4892-9EC5-EBE4D12DFA65}"
EndProject
Project("{9A19103F-16F7-4668-BE54-9A1E7A4F7556}") = "MultiShop.Cargo.BusinessLayer", "Services\Cargo\MultiShop.Cargo.BusinessLayer\MultiShop.Cargo.BusinessLayer.csproj", "{74BD2804-213B-477A-B003-829426F1DAE2}"
EndProject
Project("{9A19103F-16F7-4668-BE54-9A1E7A4F7556}") = "MultiShop.Cargo.DataAccessLayer", "Services\Cargo\MultiShop.Cargo.DataAccessLayer\MultiShop.Cargo.DataAccessLayer.csproj", "{D36CAA60-16DB-48D0-A0F5-EA3DB1229B9C}"
EndProject
Project("{9A19103F-16F7-4668-BE54-9A1E7A4F7556}") = "MultiShop.Cargo.DtoLayer", "Services\Cargo\MultiShop.Cargo.DtoLayer\MultiShop.Cargo.DtoLayer.csproj", "{7017736B-28C1-4C4D-BEC7-1C138948B6B2}"
EndProject
Project("{9A19103F-16F7-4668-BE54-9A1E7A4F7556}") = "MultiShop.Cargo.WebApi", "Services\Cargo\MultiShop.Cargo.WebApi\MultiShop.Cargo.WebApi.csproj", "{DCB8909C-E9A0-4A55-8873-8DFDC09CCB80}"
EndProject
Project("{2150E333-8FDC-42A3-9474-1A3956D46DE8}") = "Basket", "Basket", "{B282CD71-6124-4B3E-B2BD-F9283943EE44}"
EndProject
Project("{FAE04EC0-301F-11D3-BF4B-00C04F79EFBC}") = "MultiShop.Basket.WebApi", "Services\Basket\MultiShop.Basket.WebApi\MultiShop.Basket.WebApi.csproj", "{B3C28290-1136-4FA9-B678-BF696693E31B}"
EndProject
Global
	GlobalSection(SolutionConfigurationPlatforms) = preSolution
		Debug|Any CPU = Debug|Any CPU
		Release|Any CPU = Release|Any CPU
	EndGlobalSection
	GlobalSection(ProjectConfigurationPlatforms) = postSolution
		{E0D33698-1A9D-46C8-B855-8845DF8F3F0B}.Debug|Any CPU.ActiveCfg = Debug|Any CPU
		{E0D33698-1A9D-46C8-B855-8845DF8F3F0B}.Debug|Any CPU.Build.0 = Debug|Any CPU
		{E0D33698-1A9D-46C8-B855-8845DF8F3F0B}.Release|Any CPU.ActiveCfg = Release|Any CPU
		{E0D33698-1A9D-46C8-B855-8845DF8F3F0B}.Release|Any CPU.Build.0 = Release|Any CPU
		{98D618E9-5070-4EA7-83AE-DF7B2B1CD67F}.Debug|Any CPU.ActiveCfg = Debug|Any CPU
		{98D618E9-5070-4EA7-83AE-DF7B2B1CD67F}.Debug|Any CPU.Build.0 = Debug|Any CPU
		{98D618E9-5070-4EA7-83AE-DF7B2B1CD67F}.Release|Any CPU.ActiveCfg = Release|Any CPU
		{98D618E9-5070-4EA7-83AE-DF7B2B1CD67F}.Release|Any CPU.Build.0 = Release|Any CPU
		{D57A92F6-FD25-4B35-BCA2-87DB9B69E17A}.Debug|Any CPU.ActiveCfg = Debug|Any CPU
		{D57A92F6-FD25-4B35-BCA2-87DB9B69E17A}.Debug|Any CPU.Build.0 = Debug|Any CPU
		{D57A92F6-FD25-4B35-BCA2-87DB9B69E17A}.Release|Any CPU.ActiveCfg = Release|Any CPU
		{D57A92F6-FD25-4B35-BCA2-87DB9B69E17A}.Release|Any CPU.Build.0 = Release|Any CPU
		{39DC1BE7-5092-43B6-A3E8-2A9A1CBD7C65}.Debug|Any CPU.ActiveCfg = Debug|Any CPU
		{39DC1BE7-5092-43B6-A3E8-2A9A1CBD7C65}.Debug|Any CPU.Build.0 = Debug|Any CPU
		{39DC1BE7-5092-43B6-A3E8-2A9A1CBD7C65}.Release|Any CPU.ActiveCfg = Release|Any CPU
		{39DC1BE7-5092-43B6-A3E8-2A9A1CBD7C65}.Release|Any CPU.Build.0 = Release|Any CPU
		{BCBF754F-10CB-4884-AB4B-D61D31EEF5E9}.Debug|Any CPU.ActiveCfg = Debug|Any CPU
		{BCBF754F-10CB-4884-AB4B-D61D31EEF5E9}.Debug|Any CPU.Build.0 = Debug|Any CPU
		{BCBF754F-10CB-4884-AB4B-D61D31EEF5E9}.Release|Any CPU.ActiveCfg = Release|Any CPU
		{BCBF754F-10CB-4884-AB4B-D61D31EEF5E9}.Release|Any CPU.Build.0 = Release|Any CPU
		{08655F94-3075-4E51-A782-061F1AA32C37}.Debug|Any CPU.ActiveCfg = Debug|Any CPU
		{08655F94-3075-4E51-A782-061F1AA32C37}.Debug|Any CPU.Build.0 = Debug|Any CPU
		{08655F94-3075-4E51-A782-061F1AA32C37}.Release|Any CPU.ActiveCfg = Release|Any CPU
		{08655F94-3075-4E51-A782-061F1AA32C37}.Release|Any CPU.Build.0 = Release|Any CPU
		{219998B1-7CCD-4721-BB1D-AA1C7A8E0773}.Debug|Any CPU.ActiveCfg = Debug|Any CPU
		{219998B1-7CCD-4721-BB1D-AA1C7A8E0773}.Debug|Any CPU.Build.0 = Debug|Any CPU
		{219998B1-7CCD-4721-BB1D-AA1C7A8E0773}.Release|Any CPU.ActiveCfg = Release|Any CPU
		{219998B1-7CCD-4721-BB1D-AA1C7A8E0773}.Release|Any CPU.Build.0 = Release|Any CPU
		{4C6BBA38-F650-4892-9EC5-EBE4D12DFA65}.Debug|Any CPU.ActiveCfg = Debug|Any CPU
		{4C6BBA38-F650-4892-9EC5-EBE4D12DFA65}.Debug|Any CPU.Build.0 = Debug|Any CPU
		{4C6BBA38-F650-4892-9EC5-EBE4D12DFA65}.Release|Any CPU.ActiveCfg = Release|Any CPU
		{4C6BBA38-F650-4892-9EC5-EBE4D12DFA65}.Release|Any CPU.Build.0 = Release|Any CPU
		{74BD2804-213B-477A-B003-829426F1DAE2}.Debug|Any CPU.ActiveCfg = Debug|Any CPU
		{74BD2804-213B-477A-B003-829426F1DAE2}.Debug|Any CPU.Build.0 = Debug|Any CPU
		{74BD2804-213B-477A-B003-829426F1DAE2}.Release|Any CPU.ActiveCfg = Release|Any CPU
		{74BD2804-213B-477A-B003-829426F1DAE2}.Release|Any CPU.Build.0 = Release|Any CPU
		{D36CAA60-16DB-48D0-A0F5-EA3DB1229B9C}.Debug|Any CPU.ActiveCfg = Debug|Any CPU
		{D36CAA60-16DB-48D0-A0F5-EA3DB1229B9C}.Debug|Any CPU.Build.0 = Debug|Any CPU
		{D36CAA60-16DB-48D0-A0F5-EA3DB1229B9C}.Release|Any CPU.ActiveCfg = Release|Any CPU
		{D36CAA60-16DB-48D0-A0F5-EA3DB1229B9C}.Release|Any CPU.Build.0 = Release|Any CPU
		{7017736B-28C1-4C4D-BEC7-1C138948B6B2}.Debug|Any CPU.ActiveCfg = Debug|Any CPU
		{7017736B-28C1-4C4D-BEC7-1C138948B6B2}.Debug|Any CPU.Build.0 = Debug|Any CPU
		{7017736B-28C1-4C4D-BEC7-1C138948B6B2}.Release|Any CPU.ActiveCfg = Release|Any CPU
		{7017736B-28C1-4C4D-BEC7-1C138948B6B2}.Release|Any CPU.Build.0 = Release|Any CPU
		{DCB8909C-E9A0-4A55-8873-8DFDC09CCB80}.Debug|Any CPU.ActiveCfg = Debug|Any CPU
		{DCB8909C-E9A0-4A55-8873-8DFDC09CCB80}.Debug|Any CPU.Build.0 = Debug|Any CPU
		{DCB8909C-E9A0-4A55-8873-8DFDC09CCB80}.Release|Any CPU.ActiveCfg = Release|Any CPU
		{DCB8909C-E9A0-4A55-8873-8DFDC09CCB80}.Release|Any CPU.Build.0 = Release|Any CPU
		{B3C28290-1136-4FA9-B678-BF696693E31B}.Debug|Any CPU.ActiveCfg = Debug|Any CPU
		{B3C28290-1136-4FA9-B678-BF696693E31B}.Debug|Any CPU.Build.0 = Debug|Any CPU
		{B3C28290-1136-4FA9-B678-BF696693E31B}.Release|Any CPU.ActiveCfg = Release|Any CPU
		{B3C28290-1136-4FA9-B678-BF696693E31B}.Release|Any CPU.Build.0 = Release|Any CPU
	EndGlobalSection
	GlobalSection(SolutionProperties) = preSolution
		HideSolutionNode = FALSE
	EndGlobalSection
	GlobalSection(NestedProjects) = preSolution
		{2A1D66F5-7034-4E76-9D7F-6B55551A4033} = {8BD430A3-04A0-4ADA-A3DE-0C815AE32CB9}
		{E0D33698-1A9D-46C8-B855-8845DF8F3F0B} = {2A1D66F5-7034-4E76-9D7F-6B55551A4033}
		{1D923A4E-024B-444D-A3A8-4C60F89D5E8A} = {8BD430A3-04A0-4ADA-A3DE-0C815AE32CB9}
		{98D618E9-5070-4EA7-83AE-DF7B2B1CD67F} = {1D923A4E-024B-444D-A3A8-4C60F89D5E8A}
		{720FB16F-DE28-46C6-925A-290AC72B0A1B} = {8BD430A3-04A0-4ADA-A3DE-0C815AE32CB9}
		{18FC1ADC-C4B9-4CE3-B3B2-3634D72C7BDC} = {720FB16F-DE28-46C6-925A-290AC72B0A1B}
		{65C015D6-42A2-4D53-B9CB-799EA14D70D9} = {720FB16F-DE28-46C6-925A-290AC72B0A1B}
		{850AF558-767E-4294-AA92-3FFDF56EEFC9} = {720FB16F-DE28-46C6-925A-290AC72B0A1B}
		{D57A92F6-FD25-4B35-BCA2-87DB9B69E17A} = {18FC1ADC-C4B9-4CE3-B3B2-3634D72C7BDC}
		{39DC1BE7-5092-43B6-A3E8-2A9A1CBD7C65} = {18FC1ADC-C4B9-4CE3-B3B2-3634D72C7BDC}
		{BCBF754F-10CB-4884-AB4B-D61D31EEF5E9} = {65C015D6-42A2-4D53-B9CB-799EA14D70D9}
		{08655F94-3075-4E51-A782-061F1AA32C37} = {850AF558-767E-4294-AA92-3FFDF56EEFC9}
		{219998B1-7CCD-4721-BB1D-AA1C7A8E0773} = {575E256D-4BA0-4D33-8198-883A41FE2FFB}
		{B4902937-5019-465E-95BA-02276EDBA525} = {8BD430A3-04A0-4ADA-A3DE-0C815AE32CB9}
		{4C6BBA38-F650-4892-9EC5-EBE4D12DFA65} = {B4902937-5019-465E-95BA-02276EDBA525}
		{74BD2804-213B-477A-B003-829426F1DAE2} = {B4902937-5019-465E-95BA-02276EDBA525}
		{D36CAA60-16DB-48D0-A0F5-EA3DB1229B9C} = {B4902937-5019-465E-95BA-02276EDBA525}
		{7017736B-28C1-4C4D-BEC7-1C138948B6B2} = {B4902937-5019-465E-95BA-02276EDBA525}
		{DCB8909C-E9A0-4A55-8873-8DFDC09CCB80} = {B4902937-5019-465E-95BA-02276EDBA525}
		{B282CD71-6124-4B3E-B2BD-F9283943EE44} = {8BD430A3-04A0-4ADA-A3DE-0C815AE32CB9}
		{B3C28290-1136-4FA9-B678-BF696693E31B} = {B282CD71-6124-4B3E-B2BD-F9283943EE44}
	EndGlobalSection
	GlobalSection(ExtensibilityGlobals) = postSolution
		SolutionGuid = {DCB2C0CE-0CDF-4DB2-A96D-C7237D2EE08E}
	EndGlobalSection
EndGlobal
